<?xml version="1.0" encoding="utf-8"?>
<Project ToolsVersion="4.0" xmlns="http://schemas.microsoft.com/developer/msbuild/2003">
  <ItemGroup>
    <Filter Include="Source Files">
      <UniqueIdentifier>{41015673-3247-4d82-ae2b-c81e342e8a7f}</UniqueIdentifier>
    </Filter>
    <Filter Include="Header Files">
      <UniqueIdentifier>{e0c46b36-227b-45e6-a845-4b0e11c5dbdb}</UniqueIdentifier>
    </Filter>
  </ItemGroup>
  <ItemGroup>
    <ClCompile Include="configbase.cpp">
      <Filter>Source Files</Filter>
    </ClCompile>
    <ClCompile Include="configmanager.cpp">
      <Filter>Source Files</Filter>
    </ClCompile>
    <ClCompile Include="mousecontrol.cpp">
      <Filter>Source Files</Filter>
    </ClCompile>
    <ClCompile Include="timeutil.cpp">
      <Filter>Source Files</Filter>
    </ClCompile>
    <ClCompile Include="waittime.cpp">
      <Filter>Source Files</Filter>
    </ClCompile>
    <ClCompile Include="warnbaroverlap.cpp">
      <Filter>Source Files</Filter>
    </ClCompile>
    <ClCompile Include="wxappbar.cpp">
      <Filter>Source Files</Filter>
    </ClCompile>
  </ItemGroup>
  <ItemGroup>
    <ClInclude Include="configbase.h">
      <Filter>Header Files</Filter>
    </ClInclude>
    <ClInclude Include="configmanager.h">
      <Filter>Header Files</Filter>
    </ClInclude>
    <ClInclude Include="mousecontrol.h">
      <Filter>Header Files</Filter>
    </ClInclude>
    <ClInclude Include="timeutil.h">
      <Filter>Header Files</Filter>
    </ClInclude>
    <ClInclude Include="waittime.h">
      <Filter>Header Files</Filter>
    </ClInclude>
    <ClInclude Include="warnbaroverlap.h">
      <Filter>Header Files</Filter>
    </ClInclude>
    <ClInclude Include="wxappbar.h">
      <Filter>Header Files</Filter>
    </ClInclude>
  </ItemGroup>
</Project>