<?xml version="1.0" encoding="utf-8"?>
<Project ToolsVersion="4.0" xmlns="http://schemas.microsoft.com/developer/msbuild/2003">
  <ItemGroup>
    <Filter Include="Source Files">
      <UniqueIdentifier>{addb75e2-5e4d-45c7-b2f4-c23ac52e9ecc}</UniqueIdentifier>
    </Filter>
    <Filter Include="Header Files">
      <UniqueIdentifier>{c523d717-3a56-4838-b1e3-55450ab2fffa}</UniqueIdentifier>
    </Filter>
  </ItemGroup>
  <ItemGroup>
    <ClCompile Include="camwindow.cpp">
      <Filter>Source Files</Filter>
    </ClCompile>
    <ClCompile Include="capturethread.cpp">
      <Filter>Source Files</Filter>
    </ClCompile>
    <ClCompile Include="visiblenormroi.cpp">
      <Filter>Source Files</Filter>
    </ClCompile>
    <ClCompile Include="wxnormroi.cpp">
      <Filter>Source Files</Filter>
    </ClCompile>
  </ItemGroup>
  <ItemGroup>
    <ClInclude Include="camwindow.h">
      <Filter>Header Files</Filter>
    </ClInclude>
    <ClInclude Include="capturethread.h">
      <Filter>Header Files</Filter>
    </ClInclude>
    <ClInclude Include="visiblenormroi.h">
      <Filter>Header Files</Filter>
    </ClInclude>
    <ClInclude Include="wxnormroi.h">
      <Filter>Header Files</Filter>
    </ClInclude>
  </ItemGroup>
</Project>