<?xml version="1.0" encoding="utf-8"?>
<Project ToolsVersion="4.0" xmlns="http://schemas.microsoft.com/developer/msbuild/2003">
  <ItemGroup>
    <Filter Include="Source Files">
      <UniqueIdentifier>{4FC737F1-C7A5-4376-A066-2A32D752A2FF}</UniqueIdentifier>
      <Extensions>cpp;c;cxx;def;odl;idl;hpj;bat;asm;asmx</Extensions>
    </Filter>
    <Filter Include="Header Files">
      <UniqueIdentifier>{93995380-89BD-4b04-88EB-625FBE52EBFB}</UniqueIdentifier>
      <Extensions>h;hpp;hxx;hm;inl;inc;xsd</Extensions>
    </Filter>
    <Filter Include="Resource Files">
      <UniqueIdentifier>{67DA6AB6-F800-4c08-8B7A-83BB121AAD01}</UniqueIdentifier>
      <Extensions>rc;ico;cur;bmp;dlg;rc2;rct;bin;rgs;gif;jpg;jpeg;jpe;resx</Extensions>
    </Filter>
  </ItemGroup>
  <ItemGroup>
    <ClCompile Include="cautostart.cpp">
      <Filter>Source Files</Filter>
    </ClCompile>
    <ClCompile Include="checkupdates.cpp">
      <Filter>Source Files</Filter>
    </ClCompile>
    <ClCompile Include="checkupdates_ui.cpp">
      <Filter>Source Files</Filter>
    </ClCompile>
    <ClCompile Include="ckeyboardcode.cpp">
      <Filter>Source Files</Filter>
    </ClCompile>
    <ClCompile Include="clickwindow.cpp">
      <Filter>Source Files</Filter>
    </ClCompile>
    <ClCompile Include="clickwindowbitmap.cpp">
      <Filter>Source Files</Filter>
    </ClCompile>
    <ClCompile Include="clickwindowbitmapvertical.cpp">
      <Filter>Source Files</Filter>
    </ClCompile>
    <ClCompile Include="clickwindowcontroller.cpp">
      <Filter>Source Files</Filter>
    </ClCompile>
    <ClCompile Include="clickwindowtext.cpp">
      <Filter>Source Files</Filter>
    </ClCompile>
    <ClCompile Include="clickwindowvertical.cpp">
      <Filter>Source Files</Filter>
    </ClCompile>
    <ClCompile Include="cmotioncalibration.cpp">
      <Filter>Source Files</Filter>
    </ClCompile>
    <ClCompile Include="cvisualalert.cpp">
      <Filter>Source Files</Filter>
    </ClCompile>
    <ClCompile Include="dwellclick.cpp">
      <Filter>Source Files</Filter>
    </ClCompile>
    <ClCompile Include="eviacamapp.cpp">
      <Filter>Source Files</Filter>
    </ClCompile>
    <ClCompile Include="gestureclick.cpp">
      <Filter>Source Files</Filter>
    </ClCompile>
    <ClCompile Include="hotkeymanager.cpp">
      <Filter>Source Files</Filter>
    </ClCompile>
    <ClCompile Include="paths.cpp">
      <Filter>Source Files</Filter>
    </ClCompile>
    <ClCompile Include="pointeraction.cpp">
      <Filter>Source Files</Filter>
    </ClCompile>
    <ClCompile Include="viacamcontroller.cpp">
      <Filter>Source Files</Filter>
    </ClCompile>
    <ClCompile Include="visionpipeline.cpp">
      <Filter>Source Files</Filter>
    </ClCompile>
    <ClCompile Include="wabout.cpp">
      <Filter>Source Files</Filter>
    </ClCompile>
    <ClCompile Include="wcameradialog.cpp">
      <Filter>Source Files</Filter>
    </ClCompile>
    <ClCompile Include="wconfiguration.cpp">
      <Filter>Source Files</Filter>
    </ClCompile>
    <ClCompile Include="wconfirmcalibration.cpp">
      <Filter>Source Files</Filter>
    </ClCompile>
    <ClCompile Include="website.cpp">
      <Filter>Source Files</Filter>
    </ClCompile>
    <ClCompile Include="wgetkey.cpp">
      <Filter>Source Files</Filter>
    </ClCompile>
    <ClCompile Include="wmotioncalibrationx.cpp">
      <Filter>Source Files</Filter>
    </ClCompile>
    <ClCompile Include="wmotioncalibrationy.cpp">
      <Filter>Source Files</Filter>
    </ClCompile>
    <ClCompile Include="wviacam.cpp">
      <Filter>Source Files</Filter>
    </ClCompile>
    <ClCompile Include="wwizard.cpp">
      <Filter>Source Files</Filter>
    </ClCompile>
    <ClCompile Include="wwizardmanager.cpp">
      <Filter>Source Files</Filter>
    </ClCompile>
    <ClCompile Include="newtrackerinformationdlg.cpp">
      <Filter>Source Files</Filter>
    </ClCompile>
  </ItemGroup>
  <ItemGroup>
    <ClInclude Include="cautostart.h">
      <Filter>Header Files</Filter>
    </ClInclude>
    <ClInclude Include="checkupdates.h">
      <Filter>Header Files</Filter>
    </ClInclude>
    <ClInclude Include="checkupdates_ui.h">
      <Filter>Header Files</Filter>
    </ClInclude>
    <ClInclude Include="ckeyboardcode.h">
      <Filter>Header Files</Filter>
    </ClInclude>
    <ClInclude Include="clickwindow.h">
      <Filter>Header Files</Filter>
    </ClInclude>
    <ClInclude Include="clickwindowbitmap.h">
      <Filter>Header Files</Filter>
    </ClInclude>
    <ClInclude Include="clickwindowbitmapvertical.h">
      <Filter>Header Files</Filter>
    </ClInclude>
    <ClInclude Include="clickwindowcontroller.h">
      <Filter>Header Files</Filter>
    </ClInclude>
    <ClInclude Include="clickwindowtext.h">
      <Filter>Header Files</Filter>
    </ClInclude>
    <ClInclude Include="clickwindowvertical.h">
      <Filter>Header Files</Filter>
    </ClInclude>
    <ClInclude Include="cmotioncalibration.h">
      <Filter>Header Files</Filter>
    </ClInclude>
    <ClInclude Include="cvisualalert.h">
      <Filter>Header Files</Filter>
    </ClInclude>
    <ClInclude Include="dwellclick.h">
      <Filter>Header Files</Filter>
    </ClInclude>
    <ClInclude Include="eviacamapp.h">
      <Filter>Header Files</Filter>
    </ClInclude>
    <ClInclude Include="eviacamdefs.h">
      <Filter>Header Files</Filter>
    </ClInclude>
    <ClInclude Include="gestureclick.h">
      <Filter>Header Files</Filter>
    </ClInclude>
    <ClInclude Include="hotkeymanager.h">
      <Filter>Header Files</Filter>
    </ClInclude>
    <ClInclude Include="langnames-utf8.h">
      <Filter>Header Files</Filter>
    </ClInclude>
    <ClInclude Include="mousecommand.h">
      <Filter>Header Files</Filter>
    </ClInclude>
    <ClInclude Include="paths.h">
      <Filter>Header Files</Filter>
    </ClInclude>
    <ClInclude Include="pointeraction.h">
      <Filter>Header Files</Filter>
    </ClInclude>
    <ClInclude Include="version.h">
      <Filter>Header Files</Filter>
    </ClInclude>
    <ClInclude Include="viacamcontroller.h">
      <Filter>Header Files</Filter>
    </ClInclude>
    <ClInclude Include="visionpipeline.h">
      <Filter>Header Files</Filter>
    </ClInclude>
    <ClInclude Include="wabout.h">
      <Filter>Header Files</Filter>
    </ClInclude>
    <ClInclude Include="wcameradialog.h">
      <Filter>Header Files</Filter>
    </ClInclude>
    <ClInclude Include="wconfiguration.h">
      <Filter>Header Files</Filter>
    </ClInclude>
    <ClInclude Include="wconfirmcalibration.h">
      <Filter>Header Files</Filter>
    </ClInclude>
    <ClInclude Include="website.h">
      <Filter>Header Files</Filter>
    </ClInclude>
    <ClInclude Include="wgetkey.h">
      <Filter>Header Files</Filter>
    </ClInclude>
    <ClInclude Include="wmotioncalibrationx.h">
      <Filter>Header Files</Filter>
    </ClInclude>
    <ClInclude Include="wmotioncalibrationy.h">
      <Filter>Header Files</Filter>
    </ClInclude>
    <ClInclude Include="wviacam.h">
      <Filter>Header Files</Filter>
    </ClInclude>
    <ClInclude Include="wwizard.h">
      <Filter>Header Files</Filter>
    </ClInclude>
    <ClInclude Include="wwizardmanager.h">
      <Filter>Header Files</Filter>
    </ClInclude>
    <ClInclude Include="newtrackerinformationdlg.h">
      <Filter>Header Files</Filter>
    </ClInclude>
  </ItemGroup>
  <ItemGroup>
    <ResourceCompile Include="gui.rc">
      <Filter>Resource Files</Filter>
    </ResourceCompile>
  </ItemGroup>
</Project>